
Microsoft Visual Studio Solution File, Format Version 12.00
# Visual Studio 15
VisualStudioVersion = 15.0.27703.2026
MinimumVisualStudioVersion = 10.0.40219.1
Project("{FAE04EC0-301F-11D3-BF4B-00C04F79EFBC}") = "ThisGuy", "StaceyNPC\ThisGuy.csproj", "{ABE8CA79-3D87-4BD1-B37D-A0620C770CAE}"
EndProject
Global
	GlobalSection(SolutionConfigurationPlatforms) = preSolution
		Debug|Any CPU = Debug|Any CPU
		Release|Any CPU = Release|Any CPU
	EndGlobalSection
	GlobalSection(ProjectConfigurationPlatforms) = postSolution
		{ABE8CA79-3D87-4BD1-B37D-A0620C770CAE}.Debug|Any CPU.ActiveCfg = Debug|Any CPU
		{ABE8CA79-3D87-4BD1-B37D-A0620C770CAE}.Debug|Any CPU.Build.0 = Debug|Any CPU
		{ABE8CA79-3D87-4BD1-B37D-A0620C770CAE}.Release|Any CPU.ActiveCfg = Release|Any CPU
		{ABE8CA79-3D87-4BD1-B37D-A0620C770CAE}.Release|Any CPU.Build.0 = Release|Any CPU
	EndGlobalSection
	GlobalSection(SolutionProperties) = preSolution
		HideSolutionNode = FALSE
	EndGlobalSection
	GlobalSection(ExtensibilityGlobals) = postSolution
		SolutionGuid = {3EAF61B7-FF88-41AB-ADEA-00276AF01B90}
	EndGlobalSection
	GlobalSection(MonoDevelopProperties) = preSolution
		Policies = $0
		$0.DotNetNamingPolicy = $1
		$1.DirectoryNamespaceAssociation = PrefixedHierarchical
		$0.TextStylePolicy = $2
		$2.inheritsSet = null
		$2.scope = text/x-csharp
		$0.CSharpFormattingPolicy = $3
		$3.scope = text/x-csharp
	EndGlobalSection
EndGlobal
